
Microsoft Visual Studio Solution File, Format Version 12.00
# Visual Studio Version 16
VisualStudioVersion = 16.0.30413.136
MinimumVisualStudioVersion = 10.0.40219.1
Project("{FAE04EC0-301F-11D3-BF4B-00C04F79EFBC}") = "Graphics Lab8", "Graphics Lab8\Graphics Lab8.csproj", "{4E7EF25E-A6AC-4C7D-BAE3-320FB228E0EA}"
EndProject
Global
	GlobalSection(SolutionConfigurationPlatforms) = preSolution
		Debug|Any CPU = Debug|Any CPU
		Release|Any CPU = Release|Any CPU
	EndGlobalSection
	GlobalSection(ProjectConfigurationPlatforms) = postSolution
		{4E7EF25E-A6AC-4C7D-BAE3-320FB228E0EA}.Debug|Any CPU.ActiveCfg = Debug|Any CPU
		{4E7EF25E-A6AC-4C7D-BAE3-320FB228E0EA}.Debug|Any CPU.Build.0 = Debug|Any CPU
		{4E7EF25E-A6AC-4C7D-BAE3-320FB228E0EA}.Release|Any CPU.ActiveCfg = Release|Any CPU
		{4E7EF25E-A6AC-4C7D-BAE3-320FB228E0EA}.Release|Any CPU.Build.0 = Release|Any CPU
	EndGlobalSection
	GlobalSection(SolutionProperties) = preSolution
		HideSolutionNode = FALSE
	EndGlobalSection
	GlobalSection(ExtensibilityGlobals) = postSolution
		SolutionGuid = {17F5A602-EF56-4A88-8713-E1C09CD0986C}
	EndGlobalSection
EndGlobal
